// !$*UTF8*$!
{
	archiveVersion = 1;
	classes = {
	};
	objectVersion = 46;
	objects = {

/* Begin PBXBuildFile section */
		7BD55B2E1C0F221400D9585F /* AppDelegate.m in Sources */ = {isa = PBXBuildFile; fileRef = 7BD55B2D1C0F221400D9585F /* AppDelegate.m */; };
		7BD55B311C0F221400D9585F /* main.m in Sources */ = {isa = PBXBuildFile; fileRef = 7BD55B301C0F221400D9585F /* main.m */; };
		7BD55B341C0F221400D9585F /* ViewController.m in Sources */ = {isa = PBXBuildFile; fileRef = 7BD55B331C0F221400D9585F /* ViewController.m */; };
		7BD55B361C0F221400D9585F /* Assets.xcassets in Resources */ = {isa = PBXBuildFile; fileRef = 7BD55B351C0F221400D9585F /* Assets.xcassets */; };
		7BD55B391C0F221400D9585F /* Main.storyboard in Resources */ = {isa = PBXBuildFile; fileRef = 7BD55B371C0F221400D9585F /* Main.storyboard */; };
		7BD55B441C0F221400D9585F /* droneLaptopApplicationTests.m in Sources */ = {isa = PBXBuildFile; fileRef = 7BD55B431C0F221400D9585F /* droneLaptopApplicationTests.m */; };
		7BD55B4F1C0F221400D9585F /* droneLaptopApplicationUITests.m in Sources */ = {isa = PBXBuildFile; fileRef = 7BD55B4E1C0F221400D9585F /* droneLaptopApplicationUITests.m */; };
		7BD55B5F1C0F252800D9585F /* CoreBluetooth.framework in Frameworks */ = {isa = PBXBuildFile; fileRef = 7BD55B5C1C0F252800D9585F /* CoreBluetooth.framework */; };
		7BD55B601C0F252800D9585F /* IOBluetooth.framework in Frameworks */ = {isa = PBXBuildFile; fileRef = 7BD55B5D1C0F252800D9585F /* IOBluetooth.framework */; };
		7BD55B611C0F252800D9585F /* IOBluetoothUI.framework in Frameworks */ = {isa = PBXBuildFile; fileRef = 7BD55B5E1C0F252800D9585F /* IOBluetoothUI.framework */; };
/* End PBXBuildFile section */

/* Begin PBXContainerItemProxy section */
		7BD55B401C0F221400D9585F /* PBXContainerItemProxy */ = {
			isa = PBXContainerItemProxy;
			containerPortal = 7BD55B211C0F221400D9585F /* Project object */;
			proxyType = 1;
			remoteGlobalIDString = 7BD55B281C0F221400D9585F;
			remoteInfo = droneLaptopApplication;
		};
		7BD55B4B1C0F221400D9585F /* PBXContainerItemProxy */ = {
			isa = PBXContainerItemProxy;
			containerPortal = 7BD55B211C0F221400D9585F /* Project object */;
			proxyType = 1;
			remoteGlobalIDString = 7BD55B281C0F221400D9585F;
			remoteInfo = droneLaptopApplication;
		};
/* End PBXContainerItemProxy section */

/* Begin PBXFileReference section */
		7BD55B291C0F221400D9585F /* droneLaptopApplication.app */ = {isa = PBXFileReference; explicitFileType = wrapper.application; includeInIndex = 0; path = droneLaptopApplication.app; sourceTree = BUILT_PRODUCTS_DIR; };
		7BD55B2C1C0F221400D9585F /* AppDelegate.h */ = {isa = PBXFileReference; lastKnownFileType = sourcecode.c.h; path = AppDelegate.h; sourceTree = "<group>"; };
		7BD55B2D1C0F221400D9585F /* AppDelegate.m */ = {isa = PBXFileReference; lastKnownFileType = sourcecode.c.objc; path = AppDelegate.m; sourceTree = "<group>"; };
		7BD55B301C0F221400D9585F /* main.m */ = {isa = PBXFileReference; lastKnownFileType = sourcecode.c.objc; path = main.m; sourceTree = "<group>"; };
		7BD55B321C0F221400D9585F /* ViewController.h */ = {isa = PBXFileReference; lastKnownFileType = sourcecode.c.h; path = ViewController.h; sourceTree = "<group>"; };
		7BD55B331C0F221400D9585F /* ViewController.m */ = {isa = PBXFileReference; lastKnownFileType = sourcecode.c.objc; path = ViewController.m; sourceTree = "<group>"; };
		7BD55B351C0F221400D9585F /* Assets.xcassets */ = {isa = PBXFileReference; lastKnownFileType = folder.assetcatalog; path = Assets.xcassets; sourceTree = "<group>"; };
		7BD55B381C0F221400D9585F /* Base */ = {isa = PBXFileReference; lastKnownFileType = file.storyboard; name = Base; path = Base.lproj/Main.storyboard; sourceTree = "<group>"; };
		7BD55B3A1C0F221400D9585F /* Info.plist */ = {isa = PBXFileReference; lastKnownFileType = text.plist.xml; path = Info.plist; sourceTree = "<group>"; };
		7BD55B3F1C0F221400D9585F /* droneLaptopApplicationTests.xctest */ = {isa = PBXFileReference; explicitFileType = wrapper.cfbundle; includeInIndex = 0; path = droneLaptopApplicationTests.xctest; sourceTree = BUILT_PRODUCTS_DIR; };
		7BD55B431C0F221400D9585F /* droneLaptopApplicationTests.m */ = {isa = PBXFileReference; lastKnownFileType = sourcecode.c.objc; path = droneLaptopApplicationTests.m; sourceTree = "<group>"; };
		7BD55B451C0F221400D9585F /* Info.plist */ = {isa = PBXFileReference; lastKnownFileType = text.plist.xml; path = Info.plist; sourceTree = "<group>"; };
		7BD55B4A1C0F221400D9585F /* droneLaptopApplicationUITests.xctest */ = {isa = PBXFileReference; explicitFileType = wrapper.cfbundle; includeInIndex = 0; path = droneLaptopApplicationUITests.xctest; sourceTree = BUILT_PRODUCTS_DIR; };
		7BD55B4E1C0F221400D9585F /* droneLaptopApplicationUITests.m */ = {isa = PBXFileReference; lastKnownFileType = sourcecode.c.objc; path = droneLaptopApplicationUITests.m; sourceTree = "<group>"; };
		7BD55B501C0F221400D9585F /* Info.plist */ = {isa = PBXFileReference; lastKnownFileType = text.plist.xml; path = Info.plist; sourceTree = "<group>"; };
		7BD55B5C1C0F252800D9585F /* CoreBluetooth.framework */ = {isa = PBXFileReference; lastKnownFileType = wrapper.framework; name = CoreBluetooth.framework; path = System/Library/Frameworks/CoreBluetooth.framework; sourceTree = SDKROOT; };
		7BD55B5D1C0F252800D9585F /* IOBluetooth.framework */ = {isa = PBXFileReference; lastKnownFileType = wrapper.framework; name = IOBluetooth.framework; path = System/Library/Frameworks/IOBluetooth.framework; sourceTree = SDKROOT; };
		7BD55B5E1C0F252800D9585F /* IOBluetoothUI.framework */ = {isa = PBXFileReference; lastKnownFileType = wrapper.framework; name = IOBluetoothUI.framework; path = System/Library/Frameworks/IOBluetoothUI.framework; sourceTree = SDKROOT; };
/* End PBXFileReference section */

/* Begin PBXFrameworksBuildPhase section */
		7BD55B261C0F221400D9585F /* Frameworks */ = {
			isa = PBXFrameworksBuildPhase;
			buildActionMask = 2147483647;
			files = (
				7BD55B5F1C0F252800D9585F /* CoreBluetooth.framework in Frameworks */,
				7BD55B601C0F252800D9585F /* IOBluetooth.framework in Frameworks */,
				7BD55B611C0F252800D9585F /* IOBluetoothUI.framework in Frameworks */,
			);
			runOnlyForDeploymentPostprocessing = 0;
		};
		7BD55B3C1C0F221400D9585F /* Frameworks */ = {
			isa = PBXFrameworksBuildPhase;
			buildActionMask = 2147483647;
			files = (
			);
			runOnlyForDeploymentPostprocessing = 0;
		};
		7BD55B471C0F221400D9585F /* Frameworks */ = {
			isa = PBXFrameworksBuildPhase;
			buildActionMask = 2147483647;
			files = (
			);
			runOnlyForDeploymentPostprocessing = 0;
		};
/* End PBXFrameworksBuildPhase section */

/* Begin PBXGroup section */
		7BD55B201C0F221400D9585F = {
			isa = PBXGroup;
			children = (
				7BD55B5C1C0F252800D9585F /* CoreBluetooth.framework */,
				7BD55B5D1C0F252800D9585F /* IOBluetooth.framework */,
				7BD55B5E1C0F252800D9585F /* IOBluetoothUI.framework */,
				7BD55B2B1C0F221400D9585F /* droneLaptopApplication */,
				7BD55B421C0F221400D9585F /* droneLaptopApplicationTests */,
				7BD55B4D1C0F221400D9585F /* droneLaptopApplicationUITests */,
				7BD55B2A1C0F221400D9585F /* Products */,
			);
			sourceTree = "<group>";
		};
		7BD55B2A1C0F221400D9585F /* Products */ = {
			isa = PBXGroup;
			children = (
				7BD55B291C0F221400D9585F /* droneLaptopApplication.app */,
				7BD55B3F1C0F221400D9585F /* droneLaptopApplicationTests.xctest */,
				7BD55B4A1C0F221400D9585F /* droneLaptopApplicationUITests.xctest */,
			);
			name = Products;
			sourceTree = "<group>";
		};
		7BD55B2B1C0F221400D9585F /* droneLaptopApplication */ = {
			isa = PBXGroup;
			children = (
				7BD55B2C1C0F221400D9585F /* AppDelegate.h */,
				7BD55B2D1C0F221400D9585F /* AppDelegate.m */,
				7BD55B321C0F221400D9585F /* ViewController.h */,
				7BD55B331C0F221400D9585F /* ViewController.m */,
				7BD55B351C0F221400D9585F /* Assets.xcassets */,
				7BD55B371C0F221400D9585F /* Main.storyboard */,
				7BD55B3A1C0F221400D9585F /* Info.plist */,
				7BD55B2F1C0F221400D9585F /* Supporting Files */,
			);
			path = droneLaptopApplication;
			sourceTree = "<group>";
		};
		7BD55B2F1C0F221400D9585F /* Supporting Files */ = {
			isa = PBXGroup;
			children = (
				7BD55B301C0F221400D9585F /* main.m */,
			);
			name = "Supporting Files";
			sourceTree = "<group>";
		};
		7BD55B421C0F221400D9585F /* droneLaptopApplicationTests */ = {
			isa = PBXGroup;
			children = (
				7BD55B431C0F221400D9585F /* droneLaptopApplicationTests.m */,
				7BD55B451C0F221400D9585F /* Info.plist */,
			);
			path = droneLaptopApplicationTests;
			sourceTree = "<group>";
		};
		7BD55B4D1C0F221400D9585F /* droneLaptopApplicationUITests */ = {
			isa = PBXGroup;
			children = (
				7BD55B4E1C0F221400D9585F /* droneLaptopApplicationUITests.m */,
				7BD55B501C0F221400D9585F /* Info.plist */,
			);
			path = droneLaptopApplicationUITests;
			sourceTree = "<group>";
		};
/* End PBXGroup section */

/* Begin PBXNativeTarget section */
		7BD55B281C0F221400D9585F /* droneLaptopApplication */ = {
			isa = PBXNativeTarget;
			buildConfigurationList = 7BD55B531C0F221400D9585F /* Build configuration list for PBXNativeTarget "droneLaptopApplication" */;
			buildPhases = (
				7BD55B251C0F221400D9585F /* Sources */,
				7BD55B261C0F221400D9585F /* Frameworks */,
				7BD55B271C0F221400D9585F /* Resources */,
			);
			buildRules = (
			);
			dependencies = (
			);
			name = droneLaptopApplication;
			productName = droneLaptopApplication;
			productReference = 7BD55B291C0F221400D9585F /* droneLaptopApplication.app */;
			productType = "com.apple.product-type.application";
		};
		7BD55B3E1C0F221400D9585F /* droneLaptopApplicationTests */ = {
			isa = PBXNativeTarget;
			buildConfigurationList = 7BD55B561C0F221400D9585F /* Build configuration list for PBXNativeTarget "droneLaptopApplicationTests" */;
			buildPhases = (
				7BD55B3B1C0F221400D9585F /* Sources */,
				7BD55B3C1C0F221400D9585F /* Frameworks */,
				7BD55B3D1C0F221400D9585F /* Resources */,
			);
			buildRules = (
			);
			dependencies = (
				7BD55B411C0F221400D9585F /* PBXTargetDependency */,
			);
			name = droneLaptopApplicationTests;
			productName = droneLaptopApplicationTests;
			productReference = 7BD55B3F1C0F221400D9585F /* droneLaptopApplicationTests.xctest */;
			productType = "com.apple.product-type.bundle.unit-test";
		};
		7BD55B491C0F221400D9585F /* droneLaptopApplicationUITests */ = {
			isa = PBXNativeTarget;
			buildConfigurationList = 7BD55B591C0F221400D9585F /* Build configuration list for PBXNativeTarget "droneLaptopApplicationUITests" */;
			buildPhases = (
				7BD55B461C0F221400D9585F /* Sources */,
				7BD55B471C0F221400D9585F /* Frameworks */,
				7BD55B481C0F221400D9585F /* Resources */,
			);
			buildRules = (
			);
			dependencies = (
				7BD55B4C1C0F221400D9585F /* PBXTargetDependency */,
			);
			name = droneLaptopApplicationUITests;
			productName = droneLaptopApplicationUITests;
			productReference = 7BD55B4A1C0F221400D9585F /* droneLaptopApplicationUITests.xctest */;
			productType = "com.apple.product-type.bundle.ui-testing";
		};
/* End PBXNativeTarget section */

/* Begin PBXProject section */
		7BD55B211C0F221400D9585F /* Project object */ = {
			isa = PBXProject;
			attributes = {
				LastUpgradeCheck = 0710;
				ORGANIZATIONNAME = "Daniel Eldar";
				TargetAttributes = {
					7BD55B281C0F221400D9585F = {
						CreatedOnToolsVersion = 7.1;
					};
					7BD55B3E1C0F221400D9585F = {
						CreatedOnToolsVersion = 7.1;
						TestTargetID = 7BD55B281C0F221400D9585F;
					};
					7BD55B491C0F221400D9585F = {
						CreatedOnToolsVersion = 7.1;
						TestTargetID = 7BD55B281C0F221400D9585F;
					};
				};
			};
			buildConfigurationList = 7BD55B241C0F221400D9585F /* Build configuration list for PBXProject "droneLaptopApplication" */;
			compatibilityVersion = "Xcode 3.2";
			developmentRegion = English;
			hasScannedForEncodings = 0;
			knownRegions = (
				en,
				Base,
			);
			mainGroup = 7BD55B201C0F221400D9585F;
			productRefGroup = 7BD55B2A1C0F221400D9585F /* Products */;
			projectDirPath = "";
			projectRoot = "";
			targets = (
				7BD55B281C0F221400D9585F /* droneLaptopApplication */,
				7BD55B3E1C0F221400D9585F /* droneLaptopApplicationTests */,
				7BD55B491C0F221400D9585F /* droneLaptopApplicationUITests */,
			);
		};
/* End PBXProject section */

/* Begin PBXResourcesBuildPhase section */
		7BD55B271C0F221400D9585F /* Resources */ = {
			isa = PBXResourcesBuildPhase;
			buildActionMask = 2147483647;
			files = (
				7BD55B361C0F221400D9585F /* Assets.xcassets in Resources */,
				7BD55B391C0F221400D9585F /* Main.storyboard in Resources */,
			);
			runOnlyForDeploymentPostprocessing = 0;
		};
		7BD55B3D1C0F221400D9585F /* Resources */ = {
			isa = PBXResourcesBuildPhase;
			buildActionMask = 2147483647;
			files = (
			);
			runOnlyForDeploymentPostprocessing = 0;
		};
		7BD55B481C0F221400D9585F /* Resources */ = {
			isa = PBXResourcesBuildPhase;
			buildActionMask = 2147483647;
			files = (
			);
			runOnlyForDeploymentPostprocessing = 0;
		};
/* End PBXResourcesBuildPhase section */

/* Begin PBXSourcesBuildPhase section */
		7BD55B251C0F221400D9585F /* Sources */ = {
			isa = PBXSourcesBuildPhase;
			buildActionMask = 2147483647;
			files = (
				7BD55B341C0F221400D9585F /* ViewController.m in Sources */,
				7BD55B311C0F221400D9585F /* main.m in Sources */,
				7BD55B2E1C0F221400D9585F /* AppDelegate.m in Sources */,
			);
			runOnlyForDeploymentPostprocessing = 0;
		};
		7BD55B3B1C0F221400D9585F /* Sources */ = {
			isa = PBXSourcesBuildPhase;
			buildActionMask = 2147483647;
			files = (
				7BD55B441C0F221400D9585F /* droneLaptopApplicationTests.m in Sources */,
			);
			runOnlyForDeploymentPostprocessing = 0;
		};
		7BD55B461C0F221400D9585F /* Sources */ = {
			isa = PBXSourcesBuildPhase;
			buildActionMask = 2147483647;
			files = (
				7BD55B4F1C0F221400D9585F /* droneLaptopApplicationUITests.m in Sources */,
			);
			runOnlyForDeploymentPostprocessing = 0;
		};
/* End PBXSourcesBuildPhase section */

/* Begin PBXTargetDependency section */
		7BD55B411C0F221400D9585F /* PBXTargetDependency */ = {
			isa = PBXTargetDependency;
			target = 7BD55B281C0F221400D9585F /* droneLaptopApplication */;
			targetProxy = 7BD55B401C0F221400D9585F /* PBXContainerItemProxy */;
		};
		7BD55B4C1C0F221400D9585F /* PBXTargetDependency */ = {
			isa = PBXTargetDependency;
			target = 7BD55B281C0F221400D9585F /* droneLaptopApplication */;
			targetProxy = 7BD55B4B1C0F221400D9585F /* PBXContainerItemProxy */;
		};
/* End PBXTargetDependency section */

/* Begin PBXVariantGroup section */
		7BD55B371C0F221400D9585F /* Main.storyboard */ = {
			isa = PBXVariantGroup;
			children = (
				7BD55B381C0F221400D9585F /* Base */,
			);
			name = Main.storyboard;
			sourceTree = "<group>";
		};
/* End PBXVariantGroup section */

/* Begin XCBuildConfiguration section */
		7BD55B511C0F221400D9585F /* Debug */ = {
			isa = XCBuildConfiguration;
			buildSettings = {
				ALWAYS_SEARCH_USER_PATHS = NO;
				CLANG_CXX_LANGUAGE_STANDARD = "gnu++0x";
				CLANG_CXX_LIBRARY = "libc++";
				CLANG_ENABLE_MODULES = YES;
				CLANG_ENABLE_OBJC_ARC = YES;
				CLANG_WARN_BOOL_CONVERSION = YES;
				CLANG_WARN_CONSTANT_CONVERSION = YES;
				CLANG_WARN_DIRECT_OBJC_ISA_USAGE = YES_ERROR;
				CLANG_WARN_EMPTY_BODY = YES;
				CLANG_WARN_ENUM_CONVERSION = YES;
				CLANG_WARN_INT_CONVERSION = YES;
				CLANG_WARN_OBJC_ROOT_CLASS = YES_ERROR;
				CLANG_WARN_UNREACHABLE_CODE = YES;
				CLANG_WARN__DUPLICATE_METHOD_MATCH = YES;
				CODE_SIGN_IDENTITY = "-";
				COPY_PHASE_STRIP = NO;
				DEBUG_INFORMATION_FORMAT = dwarf;
				ENABLE_STRICT_OBJC_MSGSEND = YES;
				ENABLE_TESTABILITY = YES;
				GCC_C_LANGUAGE_STANDARD = gnu99;
				GCC_DYNAMIC_NO_PIC = NO;
				GCC_NO_COMMON_BLOCKS = YES;
				GCC_OPTIMIZATION_LEVEL = 0;
				GCC_PREPROCESSOR_DEFINITIONS = (
					"DEBUG=1",
					"$(inherited)",
				);
				GCC_WARN_64_TO_32_BIT_CONVERSION = YES;
				GCC_WARN_ABOUT_RETURN_TYPE = YES_ERROR;
				GCC_WARN_UNDECLARED_SELECTOR = YES;
				GCC_WARN_UNINITIALIZED_AUTOS = YES_AGGRESSIVE;
				GCC_WARN_UNUSED_FUNCTION = YES;
				GCC_WARN_UNUSED_VARIABLE = YES;
				MACOSX_DEPLOYMENT_TARGET = 10.11;
				MTL_ENABLE_DEBUG_INFO = YES;
				ONLY_ACTIVE_ARCH = YES;
				SDKROOT = macosx;
			};
			name = Debug;
		};
		7BD55B521C0F221400D9585F /* Release */ = {
			isa = XCBuildConfiguration;
			buildSettings = {
				ALWAYS_SEARCH_USER_PATHS = NO;
				CLANG_CXX_LANGUAGE_STANDARD = "gnu++0x";
				CLANG_CXX_LIBRARY = "libc++";
				CLANG_ENABLE_MODULES = YES;
				CLANG_ENABLE_OBJC_ARC = YES;
				CLANG_WARN_BOOL_CONVERSION = YES;
				CLANG_WARN_CONSTANT_CONVERSION = YES;
				CLANG_WARN_DIRECT_OBJC_ISA_USAGE = YES_ERROR;
				CLANG_WARN_EMPTY_BODY = YES;
				CLANG_WARN_ENUM_CONVERSION = YES;
				CLANG_WARN_INT_CONVERSION = YES;
				CLANG_WARN_OBJC_ROOT_CLASS = YES_ERROR;
				CLANG_WARN_UNREACHABLE_CODE = YES;
				CLANG_WARN__DUPLICATE_METHOD_MATCH = YES;
				CODE_SIGN_IDENTITY = "-";
				COPY_PHASE_STRIP = NO;
				DEBUG_INFORMATION_FORMAT = "dwarf-with-dsym";
				ENABLE_NS_ASSERTIONS = NO;
				ENABLE_STRICT_OBJC_MSGSEND = YES;
				GCC_C_LANGUAGE_STANDARD = gnu99;
				GCC_NO_COMMON_BLOCKS = YES;
				GCC_WARN_64_TO_32_BIT_CONVERSION = YES;
				GCC_WARN_ABOUT_RETURN_TYPE = YES_ERROR;
				GCC_WARN_UNDECLARED_SELECTOR = YES;
				GCC_WARN_UNINITIALIZED_AUTOS = YES_AGGRESSIVE;
				GCC_WARN_UNUSED_FUNCTION = YES;
				GCC_WARN_UNUSED_VARIABLE = YES;
				MACOSX_DEPLOYMENT_TARGET = 10.11;
				MTL_ENABLE_DEBUG_INFO = NO;
				SDKROOT = macosx;
			};
			name = Release;
		};
		7BD55B541C0F221400D9585F /* Debug */ = {
			isa = XCBuildConfiguration;
			buildSettings = {
				ASSETCATALOG_COMPILER_APPICON_NAME = AppIcon;
				COMBINE_HIDPI_IMAGES = YES;
				INFOPLIST_FILE = droneLaptopApplication/Info.plist;
				LD_RUNPATH_SEARCH_PATHS = "$(inherited) @executable_path/../Frameworks";
				PRODUCT_BUNDLE_IDENTIFIER = com.deldarwand.droneLaptopApplication;
				PRODUCT_NAME = "$(TARGET_NAME)";
			};
			name = Debug;
		};
		7BD55B551C0F221400D9585F /* Release */ = {
			isa = XCBuildConfiguration;
			buildSettings = {
				ASSETCATALOG_COMPILER_APPICON_NAME = AppIcon;
				COMBINE_HIDPI_IMAGES = YES;
				INFOPLIST_FILE = droneLaptopApplication/Info.plist;
				LD_RUNPATH_SEARCH_PATHS = "$(inherited) @executable_path/../Frameworks";
				PRODUCT_BUNDLE_IDENTIFIER = com.deldarwand.droneLaptopApplication;
				PRODUCT_NAME = "$(TARGET_NAME)";
			};
			name = Release;
		};
		7BD55B571C0F221400D9585F /* Debug */ = {
			isa = XCBuildConfiguration;
			buildSettings = {
				BUNDLE_LOADER = "$(TEST_HOST)";
				COMBINE_HIDPI_IMAGES = YES;
				INFOPLIST_FILE = droneLaptopApplicationTests/Info.plist;
				LD_RUNPATH_SEARCH_PATHS = "$(inherited) @executable_path/../Frameworks @loader_path/../Frameworks";
				PRODUCT_BUNDLE_IDENTIFIER = com.deldarwand.droneLaptopApplicationTests;
				PRODUCT_NAME = "$(TARGET_NAME)";
				TEST_HOST = "$(BUILT_PRODUCTS_DIR)/droneLaptopApplication.app/Contents/MacOS/droneLaptopApplication";
			};
			name = Debug;
		};
		7BD55B581C0F221400D9585F /* Release */ = {
			isa = XCBuildConfiguration;
			buildSettings = {
				BUNDLE_LOADER = "$(TEST_HOST)";
				COMBINE_HIDPI_IMAGES = YES;
				INFOPLIST_FILE = droneLaptopApplicationTests/Info.plist;
				LD_RUNPATH_SEARCH_PATHS = "$(inherited) @executable_path/../Frameworks @loader_path/../Frameworks";
				PRODUCT_BUNDLE_IDENTIFIER = com.deldarwand.droneLaptopApplicationTests;
				PRODUCT_NAME = "$(TARGET_NAME)";
				TEST_HOST = "$(BUILT_PRODUCTS_DIR)/droneLaptopApplication.app/Contents/MacOS/droneLaptopApplication";
			};
			name = Release;
		};
		7BD55B5A1C0F221400D9585F /* Debug */ = {
			isa = XCBuildConfiguration;
			buildSettings = {
				COMBINE_HIDPI_IMAGES = YES;
				INFOPLIST_FILE = droneLaptopApplicationUITests/Info.plist;
				LD_RUNPATH_SEARCH_PATHS = "$(inherited) @executable_path/../Frameworks @loader_path/../Frameworks";
				PRODUCT_BUNDLE_IDENTIFIER = com.deldarwand.droneLaptopApplicationUITests;
				PRODUCT_NAME = "$(TARGET_NAME)";
				TEST_TARGET_NAME = droneLaptopApplication;
				USES_XCTRUNNER = YES;
			};
			name = Debug;
		};
		7BD55B5B1C0F221400D9585F /* Release */ = {
			isa = XCBuildConfiguration;
			buildSettings = {
				COMBINE_HIDPI_IMAGES = YES;
				INFOPLIST_FILE = droneLaptopApplicationUITests/Info.plist;
				LD_RUNPATH_SEARCH_PATHS = "$(inherited) @executable_path/../Frameworks @loader_path/../Frameworks";
				PRODUCT_BUNDLE_IDENTIFIER = com.deldarwand.droneLaptopApplicationUITests;
				PRODUCT_NAME = "$(TARGET_NAME)";
				TEST_TARGET_NAME = droneLaptopApplication;
				USES_XCTRUNNER = YES;
			};
			name = Release;
		};
/* End XCBuildConfiguration section */

/* Begin XCConfigurationList section */
		7BD55B241C0F221400D9585F /* Build configuration list for PBXProject "droneLaptopApplication" */ = {
			isa = XCConfigurationList;
			buildConfigurations = (
				7BD55B511C0F221400D9585F /* Debug */,
				7BD55B521C0F221400D9585F /* Release */,
			);
			defaultConfigurationIsVisible = 0;
			defaultConfigurationName = Release;
		};
		7BD55B531C0F221400D9585F /* Build configuration list for PBXNativeTarget "droneLaptopApplication" */ = {
			isa = XCConfigurationList;
			buildConfigurations = (
				7BD55B541C0F221400D9585F /* Debug */,
				7BD55B551C0F221400D9585F /* Release */,
			);
			defaultConfigurationIsVisible = 0;
		};
		7BD55B561C0F221400D9585F /* Build configuration list for PBXNativeTarget "droneLaptopApplicationTests" */ = {
			isa = XCConfigurationList;
			buildConfigurations = (
				7BD55B571C0F221400D9585F /* Debug */,
				7BD55B581C0F221400D9585F /* Release */,
			);
			defaultConfigurationIsVisible = 0;
		};
		7BD55B591C0F221400D9585F /* Build configuration list for PBXNativeTarget "droneLaptopApplicationUITests" */ = {
			isa = XCConfigurationList;
			buildConfigurations = (
				7BD55B5A1C0F221400D9585F /* Debug */,
				7BD55B5B1C0F221400D9585F /* Release */,
			);
			defaultConfigurationIsVisible = 0;
		};
/* End XCConfigurationList section */
	};
	rootObject = 7BD55B211C0F221400D9585F /* Project object */;
}
